# This file is generated by running "yarn install" inside your project.
# Manual changes might be lost - proceed with caution!

__metadata:
  version: 8
  cacheKey: 10c0

"@babel/runtime@npm:^7.17.8":
  version: 7.26.9
  resolution: "@babel/runtime@npm:7.26.9"
  dependencies:
    regenerator-runtime: "npm:^0.14.0"
  checksum: 10c0/e8517131110a6ec3a7360881438b85060e49824e007f4a64b5dfa9192cf2bb5c01e84bfc109f02d822c7edb0db926928dd6b991e3ee460b483fb0fac43152d9b
  languageName: node
  linkType: hard

"@react-three/fiber@npm:^8.17.14":
  version: 8.17.14
  resolution: "@react-three/fiber@npm:8.17.14"
  dependencies:
    "@babel/runtime": "npm:^7.17.8"
    "@types/react-reconciler": "npm:^0.26.7"
    "@types/webxr": "npm:*"
    base64-js: "npm:^1.5.1"
    buffer: "npm:^6.0.3"
    its-fine: "npm:^1.0.6"
    react-reconciler: "npm:^0.27.0"
    react-use-measure: "npm:^2.1.7"
    scheduler: "npm:^0.21.0"
    suspend-react: "npm:^0.1.3"
    zustand: "npm:^3.7.1"
  peerDependencies:
    expo: ">=43.0"
    expo-asset: ">=8.4"
    expo-file-system: ">=11.0"
    expo-gl: ">=11.0"
    react: ">=18 <19"
    react-dom: ">=18 <19"
    react-native: ">=0.64"
    three: ">=0.133"
  peerDependenciesMeta:
    expo:
      optional: true
    expo-asset:
      optional: true
    expo-file-system:
      optional: true
    expo-gl:
      optional: true
    react-dom:
      optional: true
    react-native:
      optional: true
  checksum: 10c0/c2ef54974f6e333636140bde5ab8d804a1c1d85ce3e99c69c81608b341a564b73cad44e1bd4a875cd749b74a9b03908f15cf0ae632b915905ae726c484c6877d
  languageName: node
  linkType: hard

"@tweenjs/tween.js@npm:~23.1.3":
  version: 23.1.3
  resolution: "@tweenjs/tween.js@npm:23.1.3"
  checksum: 10c0/811b30f5f0e7409fb41833401c501c2d6f600eb5f43039dd9067a7f70aff6dad5f5ce1233848e13f0b33a269a160d9c133f344d986cbff4f1f6b72ddecd06c89
  languageName: node
  linkType: hard

"@types/react-dom@npm:^19.0.4":
  version: 19.0.4
  resolution: "@types/react-dom@npm:19.0.4"
  peerDependencies:
    "@types/react": ^19.0.0
  checksum: 10c0/4e71853919b94df9e746a4bd73f8180e9ae13016333ce9c543dcba9f4f4c8fe6e28b038ca6ee61c24e291af8e03ca3bc5ded17c46dee938fcb32d71186fda7a3
  languageName: node
  linkType: hard

"@types/react-reconciler@npm:^0.26.7":
  version: 0.26.7
  resolution: "@types/react-reconciler@npm:0.26.7"
  dependencies:
    "@types/react": "npm:*"
  checksum: 10c0/ed01a9cdc81db41f244552a16a7b168acb32f2f11f7529b020a9a65fae77a12c5f51bbf62e147955c453a41582a5eceae5bedebbc022e9d99a2714d3cb68df21
  languageName: node
  linkType: hard

"@types/react-reconciler@npm:^0.28.0":
  version: 0.28.9
  resolution: "@types/react-reconciler@npm:0.28.9"
  peerDependencies:
    "@types/react": "*"
  checksum: 10c0/9fe71fa856aab2cd4742fe0416bdd4f5c82ecc05ef6451ee7fcb65a5efdf5fa588f5820fbe2a665b15371b0da3bfc4097f28bb6d450b9a834af2d0fc00f403bd
  languageName: node
  linkType: hard

"@types/react@npm:*, @types/react@npm:^19.0.10":
  version: 19.0.10
  resolution: "@types/react@npm:19.0.10"
  dependencies:
    csstype: "npm:^3.0.2"
  checksum: 10c0/41884cca21850c8b2d6578b172ca0ca4fff6021251a68532b19f2031ac23dc5a9222470208065f8d9985d367376047df2f49ece8d927f7d04cdc94922b1eb34b
  languageName: node
  linkType: hard

"@types/stats.js@npm:*":
  version: 0.17.3
  resolution: "@types/stats.js@npm:0.17.3"
  checksum: 10c0/ccccc992c6dfe08fb85049aa3ce44ca7e428db8da4a3edd20298f1c8b72768021fa8bacdfbe8e9735a7552ee5d57f667c6f557050ad2d9a87b699b3566a6177a
  languageName: node
  linkType: hard

"@types/three@npm:^0.173.0":
  version: 0.173.0
  resolution: "@types/three@npm:0.173.0"
  dependencies:
    "@tweenjs/tween.js": "npm:~23.1.3"
    "@types/stats.js": "npm:*"
    "@types/webxr": "npm:*"
    "@webgpu/types": "npm:*"
    fflate: "npm:~0.8.2"
    meshoptimizer: "npm:~0.18.1"
  checksum: 10c0/6fede57591b364fc430c233d054d1892c017c2879e0ddb979e1cc14f6ebe59c560f7dbacc4c34e7cf17969d50c5f519d69a89f643a6839d16ed14ebbdd9ca43f
  languageName: node
  linkType: hard

"@types/webxr@npm:*":
  version: 0.5.21
  resolution: "@types/webxr@npm:0.5.21"
  checksum: 10c0/7b6a7001f8592a0c8f1bff46352a451a5bcc24d016d10985a4d7bff9b778c4530fb82e48db1a7e1da67ff4f75bff49384fdac5e56fa103455f8281c3c0f403a6
  languageName: node
  linkType: hard

"@webgpu/types@npm:*":
  version: 0.1.54
  resolution: "@webgpu/types@npm:0.1.54"
  checksum: 10c0/79060d567e6b0030b036515f1db04d36dffb5329bdeb2b6e232d3a5bef82157f07fd1df1ec7ee7a760e891cea8da1fc3a4f99f302af66f661db2b3eb94a60a64
  languageName: node
  linkType: hard

"base64-js@npm:^1.3.1, base64-js@npm:^1.5.1":
  version: 1.5.1
  resolution: "base64-js@npm:1.5.1"
  checksum: 10c0/f23823513b63173a001030fae4f2dabe283b99a9d324ade3ad3d148e218134676f1ee8568c877cd79ec1c53158dcf2d2ba527a97c606618928ba99dd930102bf
  languageName: node
  linkType: hard

"buffer@npm:^6.0.3":
  version: 6.0.3
  resolution: "buffer@npm:6.0.3"
  dependencies:
    base64-js: "npm:^1.3.1"
    ieee754: "npm:^1.2.1"
  checksum: 10c0/2a905fbbcde73cc5d8bd18d1caa23715d5f83a5935867c2329f0ac06104204ba7947be098fe1317fbd8830e26090ff8e764f08cd14fefc977bb248c3487bcbd0
  languageName: node
  linkType: hard

"csstype@npm:^3.0.2":
  version: 3.1.3
  resolution: "csstype@npm:3.1.3"
  checksum: 10c0/80c089d6f7e0c5b2bd83cf0539ab41474198579584fa10d86d0cafe0642202343cbc119e076a0b1aece191989477081415d66c9fefbf3c957fc2fc4b7009f248
  languageName: node
  linkType: hard

"cubed@workspace:.":
  version: 0.0.0-use.local
  resolution: "cubed@workspace:."
  dependencies:
    "@react-three/fiber": "npm:^8.17.14"
    "@types/react": "npm:^19.0.10"
    "@types/react-dom": "npm:^19.0.4"
    "@types/three": "npm:^0.173.0"
    react: "npm:^19.0.0"
    react-dom: "npm:^19.0.0"
    three: "npm:^0.173.0"
    yarn: "npm:^1.22.22"
  languageName: unknown
  linkType: soft

"fflate@npm:~0.8.2":
  version: 0.8.2
  resolution: "fflate@npm:0.8.2"
  checksum: 10c0/03448d630c0a583abea594835a9fdb2aaf7d67787055a761515bf4ed862913cfd693b4c4ffd5c3f3b355a70cf1e19033e9ae5aedcca103188aaff91b8bd6e293
  languageName: node
  linkType: hard

"ieee754@npm:^1.2.1":
  version: 1.2.1
  resolution: "ieee754@npm:1.2.1"
  checksum: 10c0/b0782ef5e0935b9f12883a2e2aa37baa75da6e66ce6515c168697b42160807d9330de9a32ec1ed73149aea02e0d822e572bca6f1e22bdcbd2149e13b050b17bb
  languageName: node
  linkType: hard

"its-fine@npm:^1.0.6":
  version: 1.2.5
  resolution: "its-fine@npm:1.2.5"
  dependencies:
    "@types/react-reconciler": "npm:^0.28.0"
  peerDependencies:
    react: ">=18.0"
  checksum: 10c0/5618955ac7ae0d7788580186f91ac9989301ead2c87250883258cd7ee32f9a4e08574728506d1deb90477090d7a688ba19571126aae9fb25661e90057dd772df
  languageName: node
  linkType: hard

"js-tokens@npm:^3.0.0 || ^4.0.0":
  version: 4.0.0
  resolution: "js-tokens@npm:4.0.0"
  checksum: 10c0/e248708d377aa058eacf2037b07ded847790e6de892bbad3dac0abba2e759cb9f121b00099a65195616badcb6eca8d14d975cb3e89eb1cfda644756402c8aeed
  languageName: node
  linkType: hard

"loose-envify@npm:^1.1.0":
  version: 1.4.0
  resolution: "loose-envify@npm:1.4.0"
  dependencies:
    js-tokens: "npm:^3.0.0 || ^4.0.0"
  bin:
    loose-envify: cli.js
  checksum: 10c0/655d110220983c1a4b9c0c679a2e8016d4b67f6e9c7b5435ff5979ecdb20d0813f4dec0a08674fcbdd4846a3f07edbb50a36811fd37930b94aaa0d9daceb017e
  languageName: node
  linkType: hard

"meshoptimizer@npm:~0.18.1":
  version: 0.18.1
  resolution: "meshoptimizer@npm:0.18.1"
  checksum: 10c0/8a825c58b20b65585e8d00788843929b60c66ba4297e89afaa49f7c51ab9a0f7b9130f90cc9ad1b9b48b3d1bee3beb1bc93608acba0d73e78995c3e6e5ca436b
  languageName: node
  linkType: hard

"react-dom@npm:^19.0.0":
  version: 19.0.0
  resolution: "react-dom@npm:19.0.0"
  dependencies:
    scheduler: "npm:^0.25.0"
  peerDependencies:
    react: ^19.0.0
  checksum: 10c0/a36ce7ab507b237ae2759c984cdaad4af4096d8199fb65b3815c16825e5cfeb7293da790a3fc2184b52bfba7ba3ff31c058c01947aff6fd1a3701632aabaa6a9
  languageName: node
  linkType: hard

"react-reconciler@npm:^0.27.0":
  version: 0.27.0
  resolution: "react-reconciler@npm:0.27.0"
  dependencies:
    loose-envify: "npm:^1.1.0"
    scheduler: "npm:^0.21.0"
  peerDependencies:
    react: ^18.0.0
  checksum: 10c0/55daff215ff9544dc5b2ba6ecda20520df0f1b2ca145c00fd0905ced1b025f3779664715c36b511a8906aa24b8b433270b0032cd499c55c4e4c878cddc8fc986
  languageName: node
  linkType: hard

"react-use-measure@npm:^2.1.7":
  version: 2.1.7
  resolution: "react-use-measure@npm:2.1.7"
  peerDependencies:
    react: ">=16.13"
    react-dom: ">=16.13"
  peerDependenciesMeta:
    react-dom:
      optional: true
  checksum: 10c0/ff24130e6f95e853feb6892fb74af08dbc5aae3574b701169e3bc3adb392c3162f51a58ddfe39bb7337db13ae609bbec0bb51a9de8b5fae5420f9d17e1f8b542
  languageName: node
  linkType: hard

"react@npm:^19.0.0":
  version: 19.0.0
  resolution: "react@npm:19.0.0"
  checksum: 10c0/9cad8f103e8e3a16d15cb18a0d8115d8bd9f9e1ce3420310aea381eb42aa0a4f812cf047bb5441349257a05fba8a291515691e3cb51267279b2d2c3253f38471
  languageName: node
  linkType: hard

"regenerator-runtime@npm:^0.14.0":
  version: 0.14.1
  resolution: "regenerator-runtime@npm:0.14.1"
  checksum: 10c0/1b16eb2c4bceb1665c89de70dcb64126a22bc8eb958feef3cd68fe11ac6d2a4899b5cd1b80b0774c7c03591dc57d16631a7f69d2daa2ec98100e2f29f7ec4cc4
  languageName: node
  linkType: hard

"scheduler@npm:^0.21.0":
  version: 0.21.0
  resolution: "scheduler@npm:0.21.0"
  dependencies:
    loose-envify: "npm:^1.1.0"
  checksum: 10c0/083a9a0c83f4923f7f5bb28d8bcf13cff42c90f4303bc187166520fcfc576c97e946d426c707d5a9c0aa0a655819605dd0c741467c626824bbf191251c126f1b
  languageName: node
  linkType: hard

"scheduler@npm:^0.25.0":
  version: 0.25.0
  resolution: "scheduler@npm:0.25.0"
  checksum: 10c0/a4bb1da406b613ce72c1299db43759526058fdcc413999c3c3e0db8956df7633acf395cb20eb2303b6a65d658d66b6585d344460abaee8080b4aa931f10eaafe
  languageName: node
  linkType: hard

"suspend-react@npm:^0.1.3":
  version: 0.1.3
  resolution: "suspend-react@npm:0.1.3"
  peerDependencies:
    react: ">=17.0"
  checksum: 10c0/c35436f492a5cab85a2aac8f5ee5af8f67edbab3a49e12d15c7f770aae4cf09fe2925b3b8c122929210c1f28aa0958f91684a687d6608f116f7da8406d8a2f1c
  languageName: node
  linkType: hard

"three@npm:^0.173.0":
  version: 0.173.0
  resolution: "three@npm:0.173.0"
  checksum: 10c0/6c8ad9b7ab6baaa0dc033c550e76cd3afe462ecfa99ba1b445714f36eeb4994e7dfcb1b72d3c32f6b53ac38df457aa3341ae4f948cb6cfd1d3acc9ee7bba4e58
  languageName: node
  linkType: hard

"yarn@npm:^1.22.22":
  version: 1.22.22
  resolution: "yarn@npm:1.22.22"
  bin:
    yarn: bin/yarn.js
    yarnpkg: bin/yarn.js
  checksum: 10c0/8c77198c93d7542e7f4e131c63b66de357b7076ecfbcfe709ec0d674115c2dd9edaa45196e5510e6e9366d368707a802579e3402071002e1c9d9a99d491478de
  languageName: node
  linkType: hard

"zustand@npm:^3.7.1":
  version: 3.7.2
  resolution: "zustand@npm:3.7.2"
  peerDependencies:
    react: ">=16.8"
  peerDependenciesMeta:
    react:
      optional: true
  checksum: 10c0/6a56185ca67080c252dfe96039da02094cfd780bd7a45768708105f114dea39ae9abc80ffaa7f3f6104e6490db325bd443b857ab5eab8ebf9a697318cd163bb6
  languageName: node
  linkType: hard
